
Microsoft Visual Studio Solution File, Format Version 12.00
# Visual Studio Version 16
VisualStudioVersion = 16.0.31424.327
MinimumVisualStudioVersion = 10.0.40219.1
Project("{FAE04EC0-301F-11D3-BF4B-00C04F79EFBC}") = "PruebaTest", "PruebaTest\PruebaTest.csproj", "{3341BD61-EF52-49E4-883B-8F4B530152B5}"
EndProject
Global
	GlobalSection(SolutionConfigurationPlatforms) = preSolution
		Debug|Any CPU = Debug|Any CPU
		Release|Any CPU = Release|Any CPU
	EndGlobalSection
	GlobalSection(ProjectConfigurationPlatforms) = postSolution
		{3341BD61-EF52-49E4-883B-8F4B530152B5}.Debug|Any CPU.ActiveCfg = Debug|Any CPU
		{3341BD61-EF52-49E4-883B-8F4B530152B5}.Debug|Any CPU.Build.0 = Debug|Any CPU
		{3341BD61-EF52-49E4-883B-8F4B530152B5}.Release|Any CPU.ActiveCfg = Release|Any CPU
		{3341BD61-EF52-49E4-883B-8F4B530152B5}.Release|Any CPU.Build.0 = Release|Any CPU
	EndGlobalSection
	GlobalSection(SolutionProperties) = preSolution
		HideSolutionNode = FALSE
	EndGlobalSection
	GlobalSection(ExtensibilityGlobals) = postSolution
		SolutionGuid = {123C97C4-811F-4BF3-938D-3F50EFFF503B}
	EndGlobalSection
EndGlobal
